
Microsoft Visual Studio Solution File, Format Version 12.00
# Visual Studio Version 16
VisualStudioVersion = 16.0.30804.86
MinimumVisualStudioVersion = 10.0.40219.1
Project("{888888A0-9F3D-457C-B088-3A5042F75D52}") = "tp2_1", "tp2_1.pyproj", "{D26261A5-3EE7-4B2F-920B-EC62F78E40DA}"
EndProject
Global
	GlobalSection(SolutionConfigurationPlatforms) = preSolution
		Debug|Any CPU = Debug|Any CPU
		Release|Any CPU = Release|Any CPU
	EndGlobalSection
	GlobalSection(ProjectConfigurationPlatforms) = postSolution
		{D26261A5-3EE7-4B2F-920B-EC62F78E40DA}.Debug|Any CPU.ActiveCfg = Debug|Any CPU
		{D26261A5-3EE7-4B2F-920B-EC62F78E40DA}.Release|Any CPU.ActiveCfg = Release|Any CPU
	EndGlobalSection
	GlobalSection(SolutionProperties) = preSolution
		HideSolutionNode = FALSE
	EndGlobalSection
	GlobalSection(ExtensibilityGlobals) = postSolution
		SolutionGuid = {CCC44883-F3C4-4053-829C-A9FF9588B076}
	EndGlobalSection
EndGlobal
